
Microsoft Visual Studio Solution File, Format Version 12.00
# Visual Studio Version 17
VisualStudioVersion = 17.2.32519.379
MinimumVisualStudioVersion = 10.0.40219.1
Project("{FAE04EC0-301F-11D3-BF4B-00C04F79EFBC}") = "Exercicio 1 Djalma 2 semestre", "Exercicio 1 Djalma 2 semestre\Exercicio 1 Djalma 2 semestre.csproj", "{AB2819C2-001B-44BF-BC7F-CC9D4C2C6032}"
EndProject
Global
	GlobalSection(SolutionConfigurationPlatforms) = preSolution
		Debug|Any CPU = Debug|Any CPU
		Release|Any CPU = Release|Any CPU
	EndGlobalSection
	GlobalSection(ProjectConfigurationPlatforms) = postSolution
		{AB2819C2-001B-44BF-BC7F-CC9D4C2C6032}.Debug|Any CPU.ActiveCfg = Debug|Any CPU
		{AB2819C2-001B-44BF-BC7F-CC9D4C2C6032}.Debug|Any CPU.Build.0 = Debug|Any CPU
		{AB2819C2-001B-44BF-BC7F-CC9D4C2C6032}.Release|Any CPU.ActiveCfg = Release|Any CPU
		{AB2819C2-001B-44BF-BC7F-CC9D4C2C6032}.Release|Any CPU.Build.0 = Release|Any CPU
	EndGlobalSection
	GlobalSection(SolutionProperties) = preSolution
		HideSolutionNode = FALSE
	EndGlobalSection
	GlobalSection(ExtensibilityGlobals) = postSolution
		SolutionGuid = {4AB7C8DB-D582-43AB-BFA6-7D137A6D7362}
	EndGlobalSection
EndGlobal
